// !$*UTF8*$!
{
	archiveVersion = 1;
	classes = {
	};
	objectVersion = 56;
	objects = {

/* Begin PBXBuildFile section */
		30CE37CD2980462C00144C8C /* ImagePredictor.swift in Sources */ = {isa = PBXBuildFile; fileRef = 30CE37CC2980462C00144C8C /* ImagePredictor.swift */; };
		30CE37D12980464A00144C8C /* CGImagePropertyOrientation+UIImageOrientation.swift in Sources */ = {isa = PBXBuildFile; fileRef = 30CE37CF2980464A00144C8C /* CGImagePropertyOrientation+UIImageOrientation.swift */; };
		30CE37D22980464A00144C8C /* VNClassificationObservation+confidenceString.swift in Sources */ = {isa = PBXBuildFile; fileRef = 30CE37D02980464A00144C8C /* VNClassificationObservation+confidenceString.swift */; };
		30CE37D6298049A100144C8C /* LICENSE.txt in Resources */ = {isa = PBXBuildFile; fileRef = 30CE37D3298049A100144C8C /* LICENSE.txt */; };
		30CE37D7298049A100144C8C /* MobileNet.mlmodel in Sources */ = {isa = PBXBuildFile; fileRef = 30CE37D4298049A100144C8C /* MobileNet.mlmodel */; };
		30CE37D8298049A100144C8C /* NOTICE.txt in Resources */ = {isa = PBXBuildFile; fileRef = 30CE37D5298049A100144C8C /* NOTICE.txt */; };
		30CE37DA2980803100144C8C /* CameraView.swift in Sources */ = {isa = PBXBuildFile; fileRef = 30CE37D92980803100144C8C /* CameraView.swift */; };
		30CE37DC298081BE00144C8C /* Coordinator.swift in Sources */ = {isa = PBXBuildFile; fileRef = 30CE37DB298081BE00144C8C /* Coordinator.swift */; };
		9C09E0F62975A6BE00216DD8 /* Calorix_AppApp.swift in Sources */ = {isa = PBXBuildFile; fileRef = 9C09E0F52975A6BE00216DD8 /* Calorix_AppApp.swift */; };
		9C09E0F82975A6BE00216DD8 /* FoodListView.swift in Sources */ = {isa = PBXBuildFile; fileRef = 9C09E0F72975A6BE00216DD8 /* FoodListView.swift */; };
		9C09E0FA2975A6BF00216DD8 /* Assets.xcassets in Resources */ = {isa = PBXBuildFile; fileRef = 9C09E0F92975A6BF00216DD8 /* Assets.xcassets */; };
		9C09E0FD2975A6BF00216DD8 /* Preview Assets.xcassets in Resources */ = {isa = PBXBuildFile; fileRef = 9C09E0FC2975A6BF00216DD8 /* Preview Assets.xcassets */; };
		9C09E0FF2975A6BF00216DD8 /* Persistence.swift in Sources */ = {isa = PBXBuildFile; fileRef = 9C09E0FE2975A6BF00216DD8 /* Persistence.swift */; };
		9C09E1022975A6BF00216DD8 /* Calorix_App.xcdatamodeld in Sources */ = {isa = PBXBuildFile; fileRef = 9C09E1002975A6BF00216DD8 /* Calorix_App.xcdatamodeld */; };
		9C09E1092975A86200216DD8 /* FoodHolder.swift in Sources */ = {isa = PBXBuildFile; fileRef = 9C09E1082975A86200216DD8 /* FoodHolder.swift */; };
		9C09E10B2975A89B00216DD8 /* FoodDetailsView.swift in Sources */ = {isa = PBXBuildFile; fileRef = 9C09E10A2975A89B00216DD8 /* FoodDetailsView.swift */; };
		9C09E10D2975ABD900216DD8 /* FloatingButton.swift in Sources */ = {isa = PBXBuildFile; fileRef = 9C09E10C2975ABD900216DD8 /* FloatingButton.swift */; };
		9C09E10F2975AE8B00216DD8 /* FoodCell.swift in Sources */ = {isa = PBXBuildFile; fileRef = 9C09E10E2975AE8B00216DD8 /* FoodCell.swift */; };
		9C09E1112975B77F00216DD8 /* CameraButton.swift in Sources */ = {isa = PBXBuildFile; fileRef = 9C09E1102975B77F00216DD8 /* CameraButton.swift */; };
		9C09E1132975BA7900216DD8 /* ImagePickerView.swift in Sources */ = {isa = PBXBuildFile; fileRef = 9C09E1122975BA7900216DD8 /* ImagePickerView.swift */; };
		9C4F0E28297E0CDE0017D22E /* ItemExtension.swift in Sources */ = {isa = PBXBuildFile; fileRef = 9C4F0E27297E0CDE0017D22E /* ItemExtension.swift */; };
		9C8091972976201200DD0FC0 /* ProgressBar.swift in Sources */ = {isa = PBXBuildFile; fileRef = 9C8091962976201200DD0FC0 /* ProgressBar.swift */; };
		9C80919B29762BC700DD0FC0 /* Database.swift in Sources */ = {isa = PBXBuildFile; fileRef = 9C80919A29762BC700DD0FC0 /* Database.swift */; };
		9CE760B52976DCB100788B38 /* AIViewController.swift in Sources */ = {isa = PBXBuildFile; fileRef = 9CE760B42976DCB100788B38 /* AIViewController.swift */; };
		9CE760B72976DCF600788B38 /* VisionObjectRecognitionViewController.swift in Sources */ = {isa = PBXBuildFile; fileRef = 9CE760B62976DCF600788B38 /* VisionObjectRecognitionViewController.swift */; };
/* End PBXBuildFile section */

/* Begin PBXFileReference section */
		30CE37CC2980462C00144C8C /* ImagePredictor.swift */ = {isa = PBXFileReference; fileEncoding = 4; lastKnownFileType = sourcecode.swift; path = ImagePredictor.swift; sourceTree = "<group>"; };
		30CE37CF2980464A00144C8C /* CGImagePropertyOrientation+UIImageOrientation.swift */ = {isa = PBXFileReference; fileEncoding = 4; lastKnownFileType = sourcecode.swift; path = "CGImagePropertyOrientation+UIImageOrientation.swift"; sourceTree = "<group>"; };
		30CE37D02980464A00144C8C /* VNClassificationObservation+confidenceString.swift */ = {isa = PBXFileReference; fileEncoding = 4; lastKnownFileType = sourcecode.swift; path = "VNClassificationObservation+confidenceString.swift"; sourceTree = "<group>"; };
		30CE37D3298049A100144C8C /* LICENSE.txt */ = {isa = PBXFileReference; fileEncoding = 4; lastKnownFileType = text; path = LICENSE.txt; sourceTree = "<group>"; };
		30CE37D4298049A100144C8C /* MobileNet.mlmodel */ = {isa = PBXFileReference; lastKnownFileType = file.mlmodel; path = MobileNet.mlmodel; sourceTree = "<group>"; };
		30CE37D5298049A100144C8C /* NOTICE.txt */ = {isa = PBXFileReference; fileEncoding = 4; lastKnownFileType = text; path = NOTICE.txt; sourceTree = "<group>"; };
		30CE37D92980803100144C8C /* CameraView.swift */ = {isa = PBXFileReference; lastKnownFileType = sourcecode.swift; path = CameraView.swift; sourceTree = "<group>"; };
		30CE37DB298081BE00144C8C /* Coordinator.swift */ = {isa = PBXFileReference; lastKnownFileType = sourcecode.swift; path = Coordinator.swift; sourceTree = "<group>"; };
		9C09E0F22975A6BE00216DD8 /* Calorix App.app */ = {isa = PBXFileReference; explicitFileType = wrapper.application; includeInIndex = 0; path = "Calorix App.app"; sourceTree = BUILT_PRODUCTS_DIR; };
		9C09E0F52975A6BE00216DD8 /* Calorix_AppApp.swift */ = {isa = PBXFileReference; lastKnownFileType = sourcecode.swift; path = Calorix_AppApp.swift; sourceTree = "<group>"; };
		9C09E0F72975A6BE00216DD8 /* FoodListView.swift */ = {isa = PBXFileReference; lastKnownFileType = sourcecode.swift; path = FoodListView.swift; sourceTree = "<group>"; };
		9C09E0F92975A6BF00216DD8 /* Assets.xcassets */ = {isa = PBXFileReference; lastKnownFileType = folder.assetcatalog; path = Assets.xcassets; sourceTree = "<group>"; };
		9C09E0FC2975A6BF00216DD8 /* Preview Assets.xcassets */ = {isa = PBXFileReference; lastKnownFileType = folder.assetcatalog; path = "Preview Assets.xcassets"; sourceTree = "<group>"; };
		9C09E0FE2975A6BF00216DD8 /* Persistence.swift */ = {isa = PBXFileReference; lastKnownFileType = sourcecode.swift; path = Persistence.swift; sourceTree = "<group>"; };
		9C09E1012975A6BF00216DD8 /* Calorix_App.xcdatamodel */ = {isa = PBXFileReference; lastKnownFileType = wrapper.xcdatamodel; path = Calorix_App.xcdatamodel; sourceTree = "<group>"; };
		9C09E1082975A86200216DD8 /* FoodHolder.swift */ = {isa = PBXFileReference; lastKnownFileType = sourcecode.swift; path = FoodHolder.swift; sourceTree = "<group>"; };
		9C09E10A2975A89B00216DD8 /* FoodDetailsView.swift */ = {isa = PBXFileReference; lastKnownFileType = sourcecode.swift; path = FoodDetailsView.swift; sourceTree = "<group>"; };
		9C09E10C2975ABD900216DD8 /* FloatingButton.swift */ = {isa = PBXFileReference; lastKnownFileType = sourcecode.swift; path = FloatingButton.swift; sourceTree = "<group>"; };
		9C09E10E2975AE8B00216DD8 /* FoodCell.swift */ = {isa = PBXFileReference; lastKnownFileType = sourcecode.swift; path = FoodCell.swift; sourceTree = "<group>"; };
		9C09E1102975B77F00216DD8 /* CameraButton.swift */ = {isa = PBXFileReference; lastKnownFileType = sourcecode.swift; path = CameraButton.swift; sourceTree = "<group>"; };
		9C09E1122975BA7900216DD8 /* ImagePickerView.swift */ = {isa = PBXFileReference; lastKnownFileType = sourcecode.swift; path = ImagePickerView.swift; sourceTree = "<group>"; };
		9C09E1142975BFA000216DD8 /* Calorix-App-Info.plist */ = {isa = PBXFileReference; lastKnownFileType = text.plist; path = "Calorix-App-Info.plist"; sourceTree = SOURCE_ROOT; };
		9C4F0E27297E0CDE0017D22E /* ItemExtension.swift */ = {isa = PBXFileReference; lastKnownFileType = sourcecode.swift; path = ItemExtension.swift; sourceTree = "<group>"; };
		9C8091962976201200DD0FC0 /* ProgressBar.swift */ = {isa = PBXFileReference; lastKnownFileType = sourcecode.swift; path = ProgressBar.swift; sourceTree = "<group>"; };
		9C80919A29762BC700DD0FC0 /* Database.swift */ = {isa = PBXFileReference; lastKnownFileType = sourcecode.swift; path = Database.swift; sourceTree = "<group>"; };
		9CE760B42976DCB100788B38 /* AIViewController.swift */ = {isa = PBXFileReference; lastKnownFileType = sourcecode.swift; path = AIViewController.swift; sourceTree = "<group>"; };
		9CE760B62976DCF600788B38 /* VisionObjectRecognitionViewController.swift */ = {isa = PBXFileReference; lastKnownFileType = sourcecode.swift; path = VisionObjectRecognitionViewController.swift; sourceTree = "<group>"; };
/* End PBXFileReference section */

/* Begin PBXFrameworksBuildPhase section */
		9C09E0EF2975A6BE00216DD8 /* Frameworks */ = {
			isa = PBXFrameworksBuildPhase;
			buildActionMask = 2147483647;
			files = (
			);
			runOnlyForDeploymentPostprocessing = 0;
		};
/* End PBXFrameworksBuildPhase section */

/* Begin PBXGroup section */
		30CE37CB2980461F00144C8C /* Imager */ = {
			isa = PBXGroup;
			children = (
				30CE37CC2980462C00144C8C /* ImagePredictor.swift */,
			);
			path = Imager;
			sourceTree = "<group>";
		};
		30CE37CE2980463B00144C8C /* Extensions */ = {
			isa = PBXGroup;
			children = (
				30CE37CF2980464A00144C8C /* CGImagePropertyOrientation+UIImageOrientation.swift */,
				30CE37D02980464A00144C8C /* VNClassificationObservation+confidenceString.swift */,
			);
			path = Extensions;
			sourceTree = "<group>";
		};
		9C09E0E92975A6BE00216DD8 = {
			isa = PBXGroup;
			children = (
				9C09E0F42975A6BE00216DD8 /* Calorix App */,
				9C09E0F32975A6BE00216DD8 /* Products */,
			);
			sourceTree = "<group>";
		};
		9C09E0F32975A6BE00216DD8 /* Products */ = {
			isa = PBXGroup;
			children = (
				9C09E0F22975A6BE00216DD8 /* Calorix App.app */,
			);
			name = Products;
			sourceTree = "<group>";
		};
		9C09E0F42975A6BE00216DD8 /* Calorix App */ = {
			isa = PBXGroup;
			children = (
				30CE37CE2980463B00144C8C /* Extensions */,
				30CE37CB2980461F00144C8C /* Imager */,
				9CE760B32976DC9100788B38 /* AI */,
				9C80919929762B9100DD0FC0 /* View */,
				9C80919829762B7D00DD0FC0 /* Model */,
				9C09E1142975BFA000216DD8 /* Calorix-App-Info.plist */,
				9C09E0F52975A6BE00216DD8 /* Calorix_AppApp.swift */,
				9C09E0F92975A6BF00216DD8 /* Assets.xcassets */,
				9C09E0FB2975A6BF00216DD8 /* Preview Content */,
			);
			path = "Calorix App";
			sourceTree = "<group>";
		};
		9C09E0FB2975A6BF00216DD8 /* Preview Content */ = {
			isa = PBXGroup;
			children = (
				9C09E0FC2975A6BF00216DD8 /* Preview Assets.xcassets */,
			);
			path = "Preview Content";
			sourceTree = "<group>";
		};
		9C80919829762B7D00DD0FC0 /* Model */ = {
			isa = PBXGroup;
			children = (
				30CE37D3298049A100144C8C /* LICENSE.txt */,
				30CE37D4298049A100144C8C /* MobileNet.mlmodel */,
				30CE37D5298049A100144C8C /* NOTICE.txt */,
				9C09E0FE2975A6BF00216DD8 /* Persistence.swift */,
				9C09E1002975A6BF00216DD8 /* Calorix_App.xcdatamodeld */,
				9C80919A29762BC700DD0FC0 /* Database.swift */,
			);
			path = Model;
			sourceTree = "<group>";
		};
		9C80919929762B9100DD0FC0 /* View */ = {
			isa = PBXGroup;
			children = (
				9C09E0F72975A6BE00216DD8 /* FoodListView.swift */,
				9C8091962976201200DD0FC0 /* ProgressBar.swift */,
				9C09E10C2975ABD900216DD8 /* FloatingButton.swift */,
				9C09E1102975B77F00216DD8 /* CameraButton.swift */,
				9C09E1122975BA7900216DD8 /* ImagePickerView.swift */,
				9C09E10E2975AE8B00216DD8 /* FoodCell.swift */,
				9C09E10A2975A89B00216DD8 /* FoodDetailsView.swift */,
				9C09E1082975A86200216DD8 /* FoodHolder.swift */,
				9C4F0E27297E0CDE0017D22E /* ItemExtension.swift */,
				30CE37D92980803100144C8C /* CameraView.swift */,
				30CE37DB298081BE00144C8C /* Coordinator.swift */,
			);
			path = View;
			sourceTree = "<group>";
		};
		9CE760B32976DC9100788B38 /* AI */ = {
			isa = PBXGroup;
			children = (
				9CE760B42976DCB100788B38 /* AIViewController.swift */,
				9CE760B62976DCF600788B38 /* VisionObjectRecognitionViewController.swift */,
			);
			path = AI;
			sourceTree = "<group>";
		};
/* End PBXGroup section */

/* Begin PBXNativeTarget section */
		9C09E0F12975A6BE00216DD8 /* Calorix App */ = {
			isa = PBXNativeTarget;
			buildConfigurationList = 9C09E1052975A6BF00216DD8 /* Build configuration list for PBXNativeTarget "Calorix App" */;
			buildPhases = (
				9C09E0EE2975A6BE00216DD8 /* Sources */,
				9C09E0EF2975A6BE00216DD8 /* Frameworks */,
				9C09E0F02975A6BE00216DD8 /* Resources */,
			);
			buildRules = (
			);
			dependencies = (
			);
			name = "Calorix App";
			productName = "Calorix App";
			productReference = 9C09E0F22975A6BE00216DD8 /* Calorix App.app */;
			productType = "com.apple.product-type.application";
		};
/* End PBXNativeTarget section */

/* Begin PBXProject section */
		9C09E0EA2975A6BE00216DD8 /* Project object */ = {
			isa = PBXProject;
			attributes = {
				BuildIndependentTargetsInParallel = 1;
				LastSwiftUpdateCheck = 1420;
				LastUpgradeCheck = 1420;
				TargetAttributes = {
					9C09E0F12975A6BE00216DD8 = {
						CreatedOnToolsVersion = 14.2;
					};
				};
			};
			buildConfigurationList = 9C09E0ED2975A6BE00216DD8 /* Build configuration list for PBXProject "Calorix App" */;
			compatibilityVersion = "Xcode 14.0";
			developmentRegion = en;
			hasScannedForEncodings = 0;
			knownRegions = (
				en,
				Base,
			);
			mainGroup = 9C09E0E92975A6BE00216DD8;
			productRefGroup = 9C09E0F32975A6BE00216DD8 /* Products */;
			projectDirPath = "";
			projectRoot = "";
			targets = (
				9C09E0F12975A6BE00216DD8 /* Calorix App */,
			);
		};
/* End PBXProject section */

/* Begin PBXResourcesBuildPhase section */
		9C09E0F02975A6BE00216DD8 /* Resources */ = {
			isa = PBXResourcesBuildPhase;
			buildActionMask = 2147483647;
			files = (
				30CE37D6298049A100144C8C /* LICENSE.txt in Resources */,
				9C09E0FD2975A6BF00216DD8 /* Preview Assets.xcassets in Resources */,
				30CE37D8298049A100144C8C /* NOTICE.txt in Resources */,
				9C09E0FA2975A6BF00216DD8 /* Assets.xcassets in Resources */,
			);
			runOnlyForDeploymentPostprocessing = 0;
		};
/* End PBXResourcesBuildPhase section */

/* Begin PBXSourcesBuildPhase section */
		9C09E0EE2975A6BE00216DD8 /* Sources */ = {
			isa = PBXSourcesBuildPhase;
			buildActionMask = 2147483647;
			files = (
				9C09E1092975A86200216DD8 /* FoodHolder.swift in Sources */,
				9C8091972976201200DD0FC0 /* ProgressBar.swift in Sources */,
				9C09E1112975B77F00216DD8 /* CameraButton.swift in Sources */,
				30CE37DA2980803100144C8C /* CameraView.swift in Sources */,
				30CE37D22980464A00144C8C /* VNClassificationObservation+confidenceString.swift in Sources */,
				9C09E10F2975AE8B00216DD8 /* FoodCell.swift in Sources */,
				30CE37D12980464A00144C8C /* CGImagePropertyOrientation+UIImageOrientation.swift in Sources */,
				9C09E10B2975A89B00216DD8 /* FoodDetailsView.swift in Sources */,
				9C09E1132975BA7900216DD8 /* ImagePickerView.swift in Sources */,
				9C80919B29762BC700DD0FC0 /* Database.swift in Sources */,
				9C09E10D2975ABD900216DD8 /* FloatingButton.swift in Sources */,
				9C09E0FF2975A6BF00216DD8 /* Persistence.swift in Sources */,
				30CE37D7298049A100144C8C /* MobileNet.mlmodel in Sources */,
				9C4F0E28297E0CDE0017D22E /* ItemExtension.swift in Sources */,
				30CE37CD2980462C00144C8C /* ImagePredictor.swift in Sources */,
				9CE760B52976DCB100788B38 /* AIViewController.swift in Sources */,
				9C09E0F82975A6BE00216DD8 /* FoodListView.swift in Sources */,
				9C09E1022975A6BF00216DD8 /* Calorix_App.xcdatamodeld in Sources */,
				9C09E0F62975A6BE00216DD8 /* Calorix_AppApp.swift in Sources */,
				9CE760B72976DCF600788B38 /* VisionObjectRecognitionViewController.swift in Sources */,
				30CE37DC298081BE00144C8C /* Coordinator.swift in Sources */,
			);
			runOnlyForDeploymentPostprocessing = 0;
		};
/* End PBXSourcesBuildPhase section */

/* Begin XCBuildConfiguration section */
		9C09E1032975A6BF00216DD8 /* Debug */ = {
			isa = XCBuildConfiguration;
			buildSettings = {
				ALWAYS_SEARCH_USER_PATHS = NO;
				CLANG_ANALYZER_NONNULL = YES;
				CLANG_ANALYZER_NUMBER_OBJECT_CONVERSION = YES_AGGRESSIVE;
				CLANG_CXX_LANGUAGE_STANDARD = "gnu++20";
				CLANG_ENABLE_MODULES = YES;
				CLANG_ENABLE_OBJC_ARC = YES;
				CLANG_ENABLE_OBJC_WEAK = YES;
				CLANG_WARN_BLOCK_CAPTURE_AUTORELEASING = YES;
				CLANG_WARN_BOOL_CONVERSION = YES;
				CLANG_WARN_COMMA = YES;
				CLANG_WARN_CONSTANT_CONVERSION = YES;
				CLANG_WARN_DEPRECATED_OBJC_IMPLEMENTATIONS = YES;
				CLANG_WARN_DIRECT_OBJC_ISA_USAGE = YES_ERROR;
				CLANG_WARN_DOCUMENTATION_COMMENTS = YES;
				CLANG_WARN_EMPTY_BODY = YES;
				CLANG_WARN_ENUM_CONVERSION = YES;
				CLANG_WARN_INFINITE_RECURSION = YES;
				CLANG_WARN_INT_CONVERSION = YES;
				CLANG_WARN_NON_LITERAL_NULL_CONVERSION = YES;
				CLANG_WARN_OBJC_IMPLICIT_RETAIN_SELF = YES;
				CLANG_WARN_OBJC_LITERAL_CONVERSION = YES;
				CLANG_WARN_OBJC_ROOT_CLASS = YES_ERROR;
				CLANG_WARN_QUOTED_INCLUDE_IN_FRAMEWORK_HEADER = YES;
				CLANG_WARN_RANGE_LOOP_ANALYSIS = YES;
				CLANG_WARN_STRICT_PROTOTYPES = YES;
				CLANG_WARN_SUSPICIOUS_MOVE = YES;
				CLANG_WARN_UNGUARDED_AVAILABILITY = YES_AGGRESSIVE;
				CLANG_WARN_UNREACHABLE_CODE = YES;
				CLANG_WARN__DUPLICATE_METHOD_MATCH = YES;
				COPY_PHASE_STRIP = NO;
				DEBUG_INFORMATION_FORMAT = dwarf;
				ENABLE_STRICT_OBJC_MSGSEND = YES;
				ENABLE_TESTABILITY = YES;
				GCC_C_LANGUAGE_STANDARD = gnu11;
				GCC_DYNAMIC_NO_PIC = NO;
				GCC_NO_COMMON_BLOCKS = YES;
				GCC_OPTIMIZATION_LEVEL = 0;
				GCC_PREPROCESSOR_DEFINITIONS = (
					"DEBUG=1",
					"$(inherited)",
				);
				GCC_WARN_64_TO_32_BIT_CONVERSION = YES;
				GCC_WARN_ABOUT_RETURN_TYPE = YES_ERROR;
				GCC_WARN_UNDECLARED_SELECTOR = YES;
				GCC_WARN_UNINITIALIZED_AUTOS = YES_AGGRESSIVE;
				GCC_WARN_UNUSED_FUNCTION = YES;
				GCC_WARN_UNUSED_VARIABLE = YES;
				IPHONEOS_DEPLOYMENT_TARGET = 16.2;
				MTL_ENABLE_DEBUG_INFO = INCLUDE_SOURCE;
				MTL_FAST_MATH = YES;
				ONLY_ACTIVE_ARCH = YES;
				SDKROOT = iphoneos;
				SWIFT_ACTIVE_COMPILATION_CONDITIONS = DEBUG;
				SWIFT_OPTIMIZATION_LEVEL = "-Onone";
			};
			name = Debug;
		};
		9C09E1042975A6BF00216DD8 /* Release */ = {
			isa = XCBuildConfiguration;
			buildSettings = {
				ALWAYS_SEARCH_USER_PATHS = NO;
				CLANG_ANALYZER_NONNULL = YES;
				CLANG_ANALYZER_NUMBER_OBJECT_CONVERSION = YES_AGGRESSIVE;
				CLANG_CXX_LANGUAGE_STANDARD = "gnu++20";
				CLANG_ENABLE_MODULES = YES;
				CLANG_ENABLE_OBJC_ARC = YES;
				CLANG_ENABLE_OBJC_WEAK = YES;
				CLANG_WARN_BLOCK_CAPTURE_AUTORELEASING = YES;
				CLANG_WARN_BOOL_CONVERSION = YES;
				CLANG_WARN_COMMA = YES;
				CLANG_WARN_CONSTANT_CONVERSION = YES;
				CLANG_WARN_DEPRECATED_OBJC_IMPLEMENTATIONS = YES;
				CLANG_WARN_DIRECT_OBJC_ISA_USAGE = YES_ERROR;
				CLANG_WARN_DOCUMENTATION_COMMENTS = YES;
				CLANG_WARN_EMPTY_BODY = YES;
				CLANG_WARN_ENUM_CONVERSION = YES;
				CLANG_WARN_INFINITE_RECURSION = YES;
				CLANG_WARN_INT_CONVERSION = YES;
				CLANG_WARN_NON_LITERAL_NULL_CONVERSION = YES;
				CLANG_WARN_OBJC_IMPLICIT_RETAIN_SELF = YES;
				CLANG_WARN_OBJC_LITERAL_CONVERSION = YES;
				CLANG_WARN_OBJC_ROOT_CLASS = YES_ERROR;
				CLANG_WARN_QUOTED_INCLUDE_IN_FRAMEWORK_HEADER = YES;
				CLANG_WARN_RANGE_LOOP_ANALYSIS = YES;
				CLANG_WARN_STRICT_PROTOTYPES = YES;
				CLANG_WARN_SUSPICIOUS_MOVE = YES;
				CLANG_WARN_UNGUARDED_AVAILABILITY = YES_AGGRESSIVE;
				CLANG_WARN_UNREACHABLE_CODE = YES;
				CLANG_WARN__DUPLICATE_METHOD_MATCH = YES;
				COPY_PHASE_STRIP = NO;
				DEBUG_INFORMATION_FORMAT = "dwarf-with-dsym";
				ENABLE_NS_ASSERTIONS = NO;
				ENABLE_STRICT_OBJC_MSGSEND = YES;
				GCC_C_LANGUAGE_STANDARD = gnu11;
				GCC_NO_COMMON_BLOCKS = YES;
				GCC_WARN_64_TO_32_BIT_CONVERSION = YES;
				GCC_WARN_ABOUT_RETURN_TYPE = YES_ERROR;
				GCC_WARN_UNDECLARED_SELECTOR = YES;
				GCC_WARN_UNINITIALIZED_AUTOS = YES_AGGRESSIVE;
				GCC_WARN_UNUSED_FUNCTION = YES;
				GCC_WARN_UNUSED_VARIABLE = YES;
				IPHONEOS_DEPLOYMENT_TARGET = 16.2;
				MTL_ENABLE_DEBUG_INFO = NO;
				MTL_FAST_MATH = YES;
				SDKROOT = iphoneos;
				SWIFT_COMPILATION_MODE = wholemodule;
				SWIFT_OPTIMIZATION_LEVEL = "-O";
				VALIDATE_PRODUCT = YES;
			};
			name = Release;
		};
		9C09E1062975A6BF00216DD8 /* Debug */ = {
			isa = XCBuildConfiguration;
			buildSettings = {
				ASSETCATALOG_COMPILER_APPICON_NAME = AppIcon;
				ASSETCATALOG_COMPILER_GLOBAL_ACCENT_COLOR_NAME = AccentColor;
				CODE_SIGN_STYLE = Automatic;
				CURRENT_PROJECT_VERSION = 1;
				DEVELOPMENT_ASSET_PATHS = "\"Calorix App/Preview Content\"";
				DEVELOPMENT_TEAM = JFL74Z4LCW;
				ENABLE_PREVIEWS = YES;
				GENERATE_INFOPLIST_FILE = YES;
				INFOPLIST_FILE = "Calorix-App-Info.plist";
				INFOPLIST_KEY_CFBundleDisplayName = Calorix;
				INFOPLIST_KEY_NSCameraUsageDescription = "We need you camera!";
				INFOPLIST_KEY_UIApplicationSceneManifest_Generation = YES;
				INFOPLIST_KEY_UIApplicationSupportsIndirectInputEvents = YES;
				INFOPLIST_KEY_UILaunchScreen_Generation = YES;
				INFOPLIST_KEY_UISupportedInterfaceOrientations = UIInterfaceOrientationPortrait;
				INFOPLIST_KEY_UISupportedInterfaceOrientations_iPad = "UIInterfaceOrientationLandscapeLeft UIInterfaceOrientationLandscapeRight UIInterfaceOrientationPortrait UIInterfaceOrientationPortraitUpsideDown";
				IPHONEOS_DEPLOYMENT_TARGET = 16.0;
				LD_RUNPATH_SEARCH_PATHS = (
					"$(inherited)",
					"@executable_path/Frameworks",
				);
				MARKETING_VERSION = 1.0;
				PRODUCT_BUNDLE_IDENTIFIER = "com.denskrlv.Calorix-App";
				PRODUCT_NAME = "$(TARGET_NAME)";
				SWIFT_EMIT_LOC_STRINGS = YES;
				SWIFT_VERSION = 5.0;
				TARGETED_DEVICE_FAMILY = "1,2";
			};
			name = Debug;
		};
		9C09E1072975A6BF00216DD8 /* Release */ = {
			isa = XCBuildConfiguration;
			buildSettings = {
				ASSETCATALOG_COMPILER_APPICON_NAME = AppIcon;
				ASSETCATALOG_COMPILER_GLOBAL_ACCENT_COLOR_NAME = AccentColor;
				CODE_SIGN_STYLE = Automatic;
				CURRENT_PROJECT_VERSION = 1;
				DEVELOPMENT_ASSET_PATHS = "\"Calorix App/Preview Content\"";
				DEVELOPMENT_TEAM = JFL74Z4LCW;
				ENABLE_PREVIEWS = YES;
				GENERATE_INFOPLIST_FILE = YES;
				INFOPLIST_FILE = "Calorix-App-Info.plist";
				INFOPLIST_KEY_CFBundleDisplayName = Calorix;
				INFOPLIST_KEY_NSCameraUsageDescription = "We need you camera!";
				INFOPLIST_KEY_UIApplicationSceneManifest_Generation = YES;
				INFOPLIST_KEY_UIApplicationSupportsIndirectInputEvents = YES;
				INFOPLIST_KEY_UILaunchScreen_Generation = YES;
				INFOPLIST_KEY_UISupportedInterfaceOrientations = UIInterfaceOrientationPortrait;
				INFOPLIST_KEY_UISupportedInterfaceOrientations_iPad = "UIInterfaceOrientationLandscapeLeft UIInterfaceOrientationLandscapeRight UIInterfaceOrientationPortrait UIInterfaceOrientationPortraitUpsideDown";
				IPHONEOS_DEPLOYMENT_TARGET = 16.0;
				LD_RUNPATH_SEARCH_PATHS = (
					"$(inherited)",
					"@executable_path/Frameworks",
				);
				MARKETING_VERSION = 1.0;
				PRODUCT_BUNDLE_IDENTIFIER = "com.denskrlv.Calorix-App";
				PRODUCT_NAME = "$(TARGET_NAME)";
				SWIFT_EMIT_LOC_STRINGS = YES;
				SWIFT_VERSION = 5.0;
				TARGETED_DEVICE_FAMILY = "1,2";
			};
			name = Release;
		};
/* End XCBuildConfiguration section */

/* Begin XCConfigurationList section */
		9C09E0ED2975A6BE00216DD8 /* Build configuration list for PBXProject "Calorix App" */ = {
			isa = XCConfigurationList;
			buildConfigurations = (
				9C09E1032975A6BF00216DD8 /* Debug */,
				9C09E1042975A6BF00216DD8 /* Release */,
			);
			defaultConfigurationIsVisible = 0;
			defaultConfigurationName = Release;
		};
		9C09E1052975A6BF00216DD8 /* Build configuration list for PBXNativeTarget "Calorix App" */ = {
			isa = XCConfigurationList;
			buildConfigurations = (
				9C09E1062975A6BF00216DD8 /* Debug */,
				9C09E1072975A6BF00216DD8 /* Release */,
			);
			defaultConfigurationIsVisible = 0;
			defaultConfigurationName = Release;
		};
/* End XCConfigurationList section */

/* Begin XCVersionGroup section */
		9C09E1002975A6BF00216DD8 /* Calorix_App.xcdatamodeld */ = {
			isa = XCVersionGroup;
			children = (
				9C09E1012975A6BF00216DD8 /* Calorix_App.xcdatamodel */,
			);
			currentVersion = 9C09E1012975A6BF00216DD8 /* Calorix_App.xcdatamodel */;
			path = Calorix_App.xcdatamodeld;
			sourceTree = "<group>";
			versionGroupType = wrapper.xcdatamodel;
		};
/* End XCVersionGroup section */
	};
	rootObject = 9C09E0EA2975A6BE00216DD8 /* Project object */;
}
